// !$*UTF8*$!
{
	archiveVersion = 1;
	classes = {
	};
	objectVersion = 56;
	objects = {

/* Begin PBXBuildFile section */
		EEDE136F2D11E0FC0018D689 /* cpp_practiceApp.swift in Sources */ = {isa = PBXBuildFile; fileRef = EEDE136E2D11E0FC0018D689 /* cpp_practiceApp.swift */; };
		EEDE13712D11E0FC0018D689 /* ContentView.swift in Sources */ = {isa = PBXBuildFile; fileRef = EEDE13702D11E0FC0018D689 /* ContentView.swift */; };
		EEDE13732D11E1000018D689 /* Assets.xcassets in Resources */ = {isa = PBXBuildFile; fileRef = EEDE13722D11E1000018D689 /* Assets.xcassets */; };
		EEDE13772D11E1000018D689 /* Preview Assets.xcassets in Resources */ = {isa = PBXBuildFile; fileRef = EEDE13762D11E1000018D689 /* Preview Assets.xcassets */; };
		EEDE13812D11E1010018D689 /* cpp_practiceTests.swift in Sources */ = {isa = PBXBuildFile; fileRef = EEDE13802D11E1010018D689 /* cpp_practiceTests.swift */; };
		EEDE138B2D11E1010018D689 /* cpp_practiceUITests.swift in Sources */ = {isa = PBXBuildFile; fileRef = EEDE138A2D11E1010018D689 /* cpp_practiceUITests.swift */; };
		EEDE138D2D11E1010018D689 /* cpp_practiceUITestsLaunchTests.swift in Sources */ = {isa = PBXBuildFile; fileRef = EEDE138C2D11E1010018D689 /* cpp_practiceUITestsLaunchTests.swift */; };
/* End PBXBuildFile section */

/* Begin PBXContainerItemProxy section */
		EEDE137D2D11E1010018D689 /* PBXContainerItemProxy */ = {
			isa = PBXContainerItemProxy;
			containerPortal = EEDE13632D11E0FC0018D689 /* Project object */;
			proxyType = 1;
			remoteGlobalIDString = EEDE136A2D11E0FC0018D689;
			remoteInfo = cpp_practice;
		};
		EEDE13872D11E1010018D689 /* PBXContainerItemProxy */ = {
			isa = PBXContainerItemProxy;
			containerPortal = EEDE13632D11E0FC0018D689 /* Project object */;
			proxyType = 1;
			remoteGlobalIDString = EEDE136A2D11E0FC0018D689;
			remoteInfo = cpp_practice;
		};
/* End PBXContainerItemProxy section */

/* Begin PBXFileReference section */
		EEDE136B2D11E0FC0018D689 /* cpp_practice.app */ = {isa = PBXFileReference; explicitFileType = wrapper.application; includeInIndex = 0; path = cpp_practice.app; sourceTree = BUILT_PRODUCTS_DIR; };
		EEDE136E2D11E0FC0018D689 /* cpp_practiceApp.swift */ = {isa = PBXFileReference; lastKnownFileType = sourcecode.swift; path = cpp_practiceApp.swift; sourceTree = "<group>"; };
		EEDE13702D11E0FC0018D689 /* ContentView.swift */ = {isa = PBXFileReference; lastKnownFileType = sourcecode.swift; path = ContentView.swift; sourceTree = "<group>"; };
		EEDE13722D11E1000018D689 /* Assets.xcassets */ = {isa = PBXFileReference; lastKnownFileType = folder.assetcatalog; path = Assets.xcassets; sourceTree = "<group>"; };
		EEDE13742D11E1000018D689 /* cpp_practice.entitlements */ = {isa = PBXFileReference; lastKnownFileType = text.plist.entitlements; path = cpp_practice.entitlements; sourceTree = "<group>"; };
		EEDE13762D11E1000018D689 /* Preview Assets.xcassets */ = {isa = PBXFileReference; lastKnownFileType = folder.assetcatalog; path = "Preview Assets.xcassets"; sourceTree = "<group>"; };
		EEDE137C2D11E1010018D689 /* cpp_practiceTests.xctest */ = {isa = PBXFileReference; explicitFileType = wrapper.cfbundle; includeInIndex = 0; path = cpp_practiceTests.xctest; sourceTree = BUILT_PRODUCTS_DIR; };
		EEDE13802D11E1010018D689 /* cpp_practiceTests.swift */ = {isa = PBXFileReference; lastKnownFileType = sourcecode.swift; path = cpp_practiceTests.swift; sourceTree = "<group>"; };
		EEDE13862D11E1010018D689 /* cpp_practiceUITests.xctest */ = {isa = PBXFileReference; explicitFileType = wrapper.cfbundle; includeInIndex = 0; path = cpp_practiceUITests.xctest; sourceTree = BUILT_PRODUCTS_DIR; };
		EEDE138A2D11E1010018D689 /* cpp_practiceUITests.swift */ = {isa = PBXFileReference; lastKnownFileType = sourcecode.swift; path = cpp_practiceUITests.swift; sourceTree = "<group>"; };
		EEDE138C2D11E1010018D689 /* cpp_practiceUITestsLaunchTests.swift */ = {isa = PBXFileReference; lastKnownFileType = sourcecode.swift; path = cpp_practiceUITestsLaunchTests.swift; sourceTree = "<group>"; };
/* End PBXFileReference section */

/* Begin PBXFrameworksBuildPhase section */
		EEDE13682D11E0FC0018D689 /* Frameworks */ = {
			isa = PBXFrameworksBuildPhase;
			buildActionMask = 2147483647;
			files = (
			);
			runOnlyForDeploymentPostprocessing = 0;
		};
		EEDE13792D11E1010018D689 /* Frameworks */ = {
			isa = PBXFrameworksBuildPhase;
			buildActionMask = 2147483647;
			files = (
			);
			runOnlyForDeploymentPostprocessing = 0;
		};
		EEDE13832D11E1010018D689 /* Frameworks */ = {
			isa = PBXFrameworksBuildPhase;
			buildActionMask = 2147483647;
			files = (
			);
			runOnlyForDeploymentPostprocessing = 0;
		};
/* End PBXFrameworksBuildPhase section */

/* Begin PBXGroup section */
		EEDE13622D11E0FC0018D689 = {
			isa = PBXGroup;
			children = (
				EEDE136D2D11E0FC0018D689 /* cpp_practice */,
				EEDE137F2D11E1010018D689 /* cpp_practiceTests */,
				EEDE13892D11E1010018D689 /* cpp_practiceUITests */,
				EEDE136C2D11E0FC0018D689 /* Products */,
			);
			sourceTree = "<group>";
		};
		EEDE136C2D11E0FC0018D689 /* Products */ = {
			isa = PBXGroup;
			children = (
				EEDE136B2D11E0FC0018D689 /* cpp_practice.app */,
				EEDE137C2D11E1010018D689 /* cpp_practiceTests.xctest */,
				EEDE13862D11E1010018D689 /* cpp_practiceUITests.xctest */,
			);
			name = Products;
			sourceTree = "<group>";
		};
		EEDE136D2D11E0FC0018D689 /* cpp_practice */ = {
			isa = PBXGroup;
			children = (
				EEDE136E2D11E0FC0018D689 /* cpp_practiceApp.swift */,
				EEDE13702D11E0FC0018D689 /* ContentView.swift */,
				EEDE13722D11E1000018D689 /* Assets.xcassets */,
				EEDE13742D11E1000018D689 /* cpp_practice.entitlements */,
				EEDE13752D11E1000018D689 /* Preview Content */,
			);
			path = cpp_practice;
			sourceTree = "<group>";
		};
		EEDE13752D11E1000018D689 /* Preview Content */ = {
			isa = PBXGroup;
			children = (
				EEDE13762D11E1000018D689 /* Preview Assets.xcassets */,
			);
			path = "Preview Content";
			sourceTree = "<group>";
		};
		EEDE137F2D11E1010018D689 /* cpp_practiceTests */ = {
			isa = PBXGroup;
			children = (
				EEDE13802D11E1010018D689 /* cpp_practiceTests.swift */,
			);
			path = cpp_practiceTests;
			sourceTree = "<group>";
		};
		EEDE13892D11E1010018D689 /* cpp_practiceUITests */ = {
			isa = PBXGroup;
			children = (
				EEDE138A2D11E1010018D689 /* cpp_practiceUITests.swift */,
				EEDE138C2D11E1010018D689 /* cpp_practiceUITestsLaunchTests.swift */,
			);
			path = cpp_practiceUITests;
			sourceTree = "<group>";
		};
/* End PBXGroup section */

/* Begin PBXNativeTarget section */
		EEDE136A2D11E0FC0018D689 /* cpp_practice */ = {
			isa = PBXNativeTarget;
			buildConfigurationList = EEDE13902D11E1010018D689 /* Build configuration list for PBXNativeTarget "cpp_practice" */;
			buildPhases = (
				EEDE13672D11E0FC0018D689 /* Sources */,
				EEDE13682D11E0FC0018D689 /* Frameworks */,
				EEDE13692D11E0FC0018D689 /* Resources */,
			);
			buildRules = (
			);
			dependencies = (
			);
			name = cpp_practice;
			productName = cpp_practice;
			productReference = EEDE136B2D11E0FC0018D689 /* cpp_practice.app */;
			productType = "com.apple.product-type.application";
		};
		EEDE137B2D11E1010018D689 /* cpp_practiceTests */ = {
			isa = PBXNativeTarget;
			buildConfigurationList = EEDE13932D11E1010018D689 /* Build configuration list for PBXNativeTarget "cpp_practiceTests" */;
			buildPhases = (
				EEDE13782D11E1010018D689 /* Sources */,
				EEDE13792D11E1010018D689 /* Frameworks */,
				EEDE137A2D11E1010018D689 /* Resources */,
			);
			buildRules = (
			);
			dependencies = (
				EEDE137E2D11E1010018D689 /* PBXTargetDependency */,
			);
			name = cpp_practiceTests;
			productName = cpp_practiceTests;
			productReference = EEDE137C2D11E1010018D689 /* cpp_practiceTests.xctest */;
			productType = "com.apple.product-type.bundle.unit-test";
		};
		EEDE13852D11E1010018D689 /* cpp_practiceUITests */ = {
			isa = PBXNativeTarget;
			buildConfigurationList = EEDE13962D11E1010018D689 /* Build configuration list for PBXNativeTarget "cpp_practiceUITests" */;
			buildPhases = (
				EEDE13822D11E1010018D689 /* Sources */,
				EEDE13832D11E1010018D689 /* Frameworks */,
				EEDE13842D11E1010018D689 /* Resources */,
			);
			buildRules = (
			);
			dependencies = (
				EEDE13882D11E1010018D689 /* PBXTargetDependency */,
			);
			name = cpp_practiceUITests;
			productName = cpp_practiceUITests;
			productReference = EEDE13862D11E1010018D689 /* cpp_practiceUITests.xctest */;
			productType = "com.apple.product-type.bundle.ui-testing";
		};
/* End PBXNativeTarget section */

/* Begin PBXProject section */
		EEDE13632D11E0FC0018D689 /* Project object */ = {
			isa = PBXProject;
			attributes = {
				BuildIndependentTargetsInParallel = 1;
				LastSwiftUpdateCheck = 1520;
				LastUpgradeCheck = 1520;
				TargetAttributes = {
					EEDE136A2D11E0FC0018D689 = {
						CreatedOnToolsVersion = 15.2;
					};
					EEDE137B2D11E1010018D689 = {
						CreatedOnToolsVersion = 15.2;
						TestTargetID = EEDE136A2D11E0FC0018D689;
					};
					EEDE13852D11E1010018D689 = {
						CreatedOnToolsVersion = 15.2;
						TestTargetID = EEDE136A2D11E0FC0018D689;
					};
				};
			};
			buildConfigurationList = EEDE13662D11E0FC0018D689 /* Build configuration list for PBXProject "cpp_practice" */;
			compatibilityVersion = "Xcode 14.0";
			developmentRegion = en;
			hasScannedForEncodings = 0;
			knownRegions = (
				en,
				Base,
			);
			mainGroup = EEDE13622D11E0FC0018D689;
			productRefGroup = EEDE136C2D11E0FC0018D689 /* Products */;
			projectDirPath = "";
			projectRoot = "";
			targets = (
				EEDE136A2D11E0FC0018D689 /* cpp_practice */,
				EEDE137B2D11E1010018D689 /* cpp_practiceTests */,
				EEDE13852D11E1010018D689 /* cpp_practiceUITests */,
			);
		};
/* End PBXProject section */

/* Begin PBXResourcesBuildPhase section */
		EEDE13692D11E0FC0018D689 /* Resources */ = {
			isa = PBXResourcesBuildPhase;
			buildActionMask = 2147483647;
			files = (
				EEDE13772D11E1000018D689 /* Preview Assets.xcassets in Resources */,
				EEDE13732D11E1000018D689 /* Assets.xcassets in Resources */,
			);
			runOnlyForDeploymentPostprocessing = 0;
		};
		EEDE137A2D11E1010018D689 /* Resources */ = {
			isa = PBXResourcesBuildPhase;
			buildActionMask = 2147483647;
			files = (
			);
			runOnlyForDeploymentPostprocessing = 0;
		};
		EEDE13842D11E1010018D689 /* Resources */ = {
			isa = PBXResourcesBuildPhase;
			buildActionMask = 2147483647;
			files = (
			);
			runOnlyForDeploymentPostprocessing = 0;
		};
/* End PBXResourcesBuildPhase section */

/* Begin PBXSourcesBuildPhase section */
		EEDE13672D11E0FC0018D689 /* Sources */ = {
			isa = PBXSourcesBuildPhase;
			buildActionMask = 2147483647;
			files = (
				EEDE13712D11E0FC0018D689 /* ContentView.swift in Sources */,
				EEDE136F2D11E0FC0018D689 /* cpp_practiceApp.swift in Sources */,
			);
			runOnlyForDeploymentPostprocessing = 0;
		};
		EEDE13782D11E1010018D689 /* Sources */ = {
			isa = PBXSourcesBuildPhase;
			buildActionMask = 2147483647;
			files = (
				EEDE13812D11E1010018D689 /* cpp_practiceTests.swift in Sources */,
			);
			runOnlyForDeploymentPostprocessing = 0;
		};
		EEDE13822D11E1010018D689 /* Sources */ = {
			isa = PBXSourcesBuildPhase;
			buildActionMask = 2147483647;
			files = (
				EEDE138B2D11E1010018D689 /* cpp_practiceUITests.swift in Sources */,
				EEDE138D2D11E1010018D689 /* cpp_practiceUITestsLaunchTests.swift in Sources */,
			);
			runOnlyForDeploymentPostprocessing = 0;
		};
/* End PBXSourcesBuildPhase section */

/* Begin PBXTargetDependency section */
		EEDE137E2D11E1010018D689 /* PBXTargetDependency */ = {
			isa = PBXTargetDependency;
			target = EEDE136A2D11E0FC0018D689 /* cpp_practice */;
			targetProxy = EEDE137D2D11E1010018D689 /* PBXContainerItemProxy */;
		};
		EEDE13882D11E1010018D689 /* PBXTargetDependency */ = {
			isa = PBXTargetDependency;
			target = EEDE136A2D11E0FC0018D689 /* cpp_practice */;
			targetProxy = EEDE13872D11E1010018D689 /* PBXContainerItemProxy */;
		};
/* End PBXTargetDependency section */

/* Begin XCBuildConfiguration section */
		EEDE138E2D11E1010018D689 /* Debug */ = {
			isa = XCBuildConfiguration;
			buildSettings = {
				ALWAYS_SEARCH_USER_PATHS = NO;
				ASSETCATALOG_COMPILER_GENERATE_SWIFT_ASSET_SYMBOL_EXTENSIONS = YES;
				CLANG_ANALYZER_NONNULL = YES;
				CLANG_ANALYZER_NUMBER_OBJECT_CONVERSION = YES_AGGRESSIVE;
				CLANG_CXX_LANGUAGE_STANDARD = "gnu++20";
				CLANG_ENABLE_MODULES = YES;
				CLANG_ENABLE_OBJC_ARC = YES;
				CLANG_ENABLE_OBJC_WEAK = YES;
				CLANG_WARN_BLOCK_CAPTURE_AUTORELEASING = YES;
				CLANG_WARN_BOOL_CONVERSION = YES;
				CLANG_WARN_COMMA = YES;
				CLANG_WARN_CONSTANT_CONVERSION = YES;
				CLANG_WARN_DEPRECATED_OBJC_IMPLEMENTATIONS = YES;
				CLANG_WARN_DIRECT_OBJC_ISA_USAGE = YES_ERROR;
				CLANG_WARN_DOCUMENTATION_COMMENTS = YES;
				CLANG_WARN_EMPTY_BODY = YES;
				CLANG_WARN_ENUM_CONVERSION = YES;
				CLANG_WARN_INFINITE_RECURSION = YES;
				CLANG_WARN_INT_CONVERSION = YES;
				CLANG_WARN_NON_LITERAL_NULL_CONVERSION = YES;
				CLANG_WARN_OBJC_IMPLICIT_RETAIN_SELF = YES;
				CLANG_WARN_OBJC_LITERAL_CONVERSION = YES;
				CLANG_WARN_OBJC_ROOT_CLASS = YES_ERROR;
				CLANG_WARN_QUOTED_INCLUDE_IN_FRAMEWORK_HEADER = YES;
				CLANG_WARN_RANGE_LOOP_ANALYSIS = YES;
				CLANG_WARN_STRICT_PROTOTYPES = YES;
				CLANG_WARN_SUSPICIOUS_MOVE = YES;
				CLANG_WARN_UNGUARDED_AVAILABILITY = YES_AGGRESSIVE;
				CLANG_WARN_UNREACHABLE_CODE = YES;
				CLANG_WARN__DUPLICATE_METHOD_MATCH = YES;
				COPY_PHASE_STRIP = NO;
				DEBUG_INFORMATION_FORMAT = dwarf;
				ENABLE_STRICT_OBJC_MSGSEND = YES;
				ENABLE_TESTABILITY = YES;
				ENABLE_USER_SCRIPT_SANDBOXING = YES;
				GCC_C_LANGUAGE_STANDARD = gnu17;
				GCC_DYNAMIC_NO_PIC = NO;
				GCC_NO_COMMON_BLOCKS = YES;
				GCC_OPTIMIZATION_LEVEL = 0;
				GCC_PREPROCESSOR_DEFINITIONS = (
					"DEBUG=1",
					"$(inherited)",
				);
				GCC_WARN_64_TO_32_BIT_CONVERSION = YES;
				GCC_WARN_ABOUT_RETURN_TYPE = YES_ERROR;
				GCC_WARN_UNDECLARED_SELECTOR = YES;
				GCC_WARN_UNINITIALIZED_AUTOS = YES_AGGRESSIVE;
				GCC_WARN_UNUSED_FUNCTION = YES;
				GCC_WARN_UNUSED_VARIABLE = YES;
				LOCALIZATION_PREFERS_STRING_CATALOGS = YES;
				MTL_ENABLE_DEBUG_INFO = INCLUDE_SOURCE;
				MTL_FAST_MATH = YES;
				ONLY_ACTIVE_ARCH = YES;
				SWIFT_ACTIVE_COMPILATION_CONDITIONS = "DEBUG $(inherited)";
				SWIFT_OPTIMIZATION_LEVEL = "-Onone";
			};
			name = Debug;
		};
		EEDE138F2D11E1010018D689 /* Release */ = {
			isa = XCBuildConfiguration;
			buildSettings = {
				ALWAYS_SEARCH_USER_PATHS = NO;
				ASSETCATALOG_COMPILER_GENERATE_SWIFT_ASSET_SYMBOL_EXTENSIONS = YES;
				CLANG_ANALYZER_NONNULL = YES;
				CLANG_ANALYZER_NUMBER_OBJECT_CONVERSION = YES_AGGRESSIVE;
				CLANG_CXX_LANGUAGE_STANDARD = "gnu++20";
				CLANG_ENABLE_MODULES = YES;
				CLANG_ENABLE_OBJC_ARC = YES;
				CLANG_ENABLE_OBJC_WEAK = YES;
				CLANG_WARN_BLOCK_CAPTURE_AUTORELEASING = YES;
				CLANG_WARN_BOOL_CONVERSION = YES;
				CLANG_WARN_COMMA = YES;
				CLANG_WARN_CONSTANT_CONVERSION = YES;
				CLANG_WARN_DEPRECATED_OBJC_IMPLEMENTATIONS = YES;
				CLANG_WARN_DIRECT_OBJC_ISA_USAGE = YES_ERROR;
				CLANG_WARN_DOCUMENTATION_COMMENTS = YES;
				CLANG_WARN_EMPTY_BODY = YES;
				CLANG_WARN_ENUM_CONVERSION = YES;
				CLANG_WARN_INFINITE_RECURSION = YES;
				CLANG_WARN_INT_CONVERSION = YES;
				CLANG_WARN_NON_LITERAL_NULL_CONVERSION = YES;
				CLANG_WARN_OBJC_IMPLICIT_RETAIN_SELF = YES;
				CLANG_WARN_OBJC_LITERAL_CONVERSION = YES;
				CLANG_WARN_OBJC_ROOT_CLASS = YES_ERROR;
				CLANG_WARN_QUOTED_INCLUDE_IN_FRAMEWORK_HEADER = YES;
				CLANG_WARN_RANGE_LOOP_ANALYSIS = YES;
				CLANG_WARN_STRICT_PROTOTYPES = YES;
				CLANG_WARN_SUSPICIOUS_MOVE = YES;
				CLANG_WARN_UNGUARDED_AVAILABILITY = YES_AGGRESSIVE;
				CLANG_WARN_UNREACHABLE_CODE = YES;
				CLANG_WARN__DUPLICATE_METHOD_MATCH = YES;
				COPY_PHASE_STRIP = NO;
				DEBUG_INFORMATION_FORMAT = "dwarf-with-dsym";
				ENABLE_NS_ASSERTIONS = NO;
				ENABLE_STRICT_OBJC_MSGSEND = YES;
				ENABLE_USER_SCRIPT_SANDBOXING = YES;
				GCC_C_LANGUAGE_STANDARD = gnu17;
				GCC_NO_COMMON_BLOCKS = YES;
				GCC_WARN_64_TO_32_BIT_CONVERSION = YES;
				GCC_WARN_ABOUT_RETURN_TYPE = YES_ERROR;
				GCC_WARN_UNDECLARED_SELECTOR = YES;
				GCC_WARN_UNINITIALIZED_AUTOS = YES_AGGRESSIVE;
				GCC_WARN_UNUSED_FUNCTION = YES;
				GCC_WARN_UNUSED_VARIABLE = YES;
				LOCALIZATION_PREFERS_STRING_CATALOGS = YES;
				MTL_ENABLE_DEBUG_INFO = NO;
				MTL_FAST_MATH = YES;
				SWIFT_COMPILATION_MODE = wholemodule;
			};
			name = Release;
		};
		EEDE13912D11E1010018D689 /* Debug */ = {
			isa = XCBuildConfiguration;
			buildSettings = {
				ASSETCATALOG_COMPILER_APPICON_NAME = AppIcon;
				ASSETCATALOG_COMPILER_GLOBAL_ACCENT_COLOR_NAME = AccentColor;
				CODE_SIGN_ENTITLEMENTS = cpp_practice/cpp_practice.entitlements;
				CODE_SIGN_STYLE = Automatic;
				CURRENT_PROJECT_VERSION = 1;
				DEVELOPMENT_ASSET_PATHS = "\"cpp_practice/Preview Content\"";
				ENABLE_PREVIEWS = YES;
				GENERATE_INFOPLIST_FILE = YES;
				"INFOPLIST_KEY_UIApplicationSceneManifest_Generation[sdk=iphoneos*]" = YES;
				"INFOPLIST_KEY_UIApplicationSceneManifest_Generation[sdk=iphonesimulator*]" = YES;
				"INFOPLIST_KEY_UIApplicationSupportsIndirectInputEvents[sdk=iphoneos*]" = YES;
				"INFOPLIST_KEY_UIApplicationSupportsIndirectInputEvents[sdk=iphonesimulator*]" = YES;
				"INFOPLIST_KEY_UILaunchScreen_Generation[sdk=iphoneos*]" = YES;
				"INFOPLIST_KEY_UILaunchScreen_Generation[sdk=iphonesimulator*]" = YES;
				"INFOPLIST_KEY_UIStatusBarStyle[sdk=iphoneos*]" = UIStatusBarStyleDefault;
				"INFOPLIST_KEY_UIStatusBarStyle[sdk=iphonesimulator*]" = UIStatusBarStyleDefault;
				INFOPLIST_KEY_UISupportedInterfaceOrientations_iPad = "UIInterfaceOrientationPortrait UIInterfaceOrientationPortraitUpsideDown UIInterfaceOrientationLandscapeLeft UIInterfaceOrientationLandscapeRight";
				INFOPLIST_KEY_UISupportedInterfaceOrientations_iPhone = "UIInterfaceOrientationPortrait UIInterfaceOrientationLandscapeLeft UIInterfaceOrientationLandscapeRight";
				IPHONEOS_DEPLOYMENT_TARGET = 17.2;
				LD_RUNPATH_SEARCH_PATHS = "@executable_path/Frameworks";
				"LD_RUNPATH_SEARCH_PATHS[sdk=macosx*]" = "@executable_path/../Frameworks";
				MACOSX_DEPLOYMENT_TARGET = 13.7;
				MARKETING_VERSION = 1.0;
				PRODUCT_BUNDLE_IDENTIFIER = "seth.cpp-practice";
				PRODUCT_NAME = "$(TARGET_NAME)";
				SDKROOT = auto;
				SUPPORTED_PLATFORMS = "iphoneos iphonesimulator macosx";
				SWIFT_EMIT_LOC_STRINGS = YES;
				SWIFT_VERSION = 5.0;
				TARGETED_DEVICE_FAMILY = "1,2";
			};
			name = Debug;
		};
		EEDE13922D11E1010018D689 /* Release */ = {
			isa = XCBuildConfiguration;
			buildSettings = {
				ASSETCATALOG_COMPILER_APPICON_NAME = AppIcon;
				ASSETCATALOG_COMPILER_GLOBAL_ACCENT_COLOR_NAME = AccentColor;
				CODE_SIGN_ENTITLEMENTS = cpp_practice/cpp_practice.entitlements;
				CODE_SIGN_STYLE = Automatic;
				CURRENT_PROJECT_VERSION = 1;
				DEVELOPMENT_ASSET_PATHS = "\"cpp_practice/Preview Content\"";
				ENABLE_PREVIEWS = YES;
				GENERATE_INFOPLIST_FILE = YES;
				"INFOPLIST_KEY_UIApplicationSceneManifest_Generation[sdk=iphoneos*]" = YES;
				"INFOPLIST_KEY_UIApplicationSceneManifest_Generation[sdk=iphonesimulator*]" = YES;
				"INFOPLIST_KEY_UIApplicationSupportsIndirectInputEvents[sdk=iphoneos*]" = YES;
				"INFOPLIST_KEY_UIApplicationSupportsIndirectInputEvents[sdk=iphonesimulator*]" = YES;
				"INFOPLIST_KEY_UILaunchScreen_Generation[sdk=iphoneos*]" = YES;
				"INFOPLIST_KEY_UILaunchScreen_Generation[sdk=iphonesimulator*]" = YES;
				"INFOPLIST_KEY_UIStatusBarStyle[sdk=iphoneos*]" = UIStatusBarStyleDefault;
				"INFOPLIST_KEY_UIStatusBarStyle[sdk=iphonesimulator*]" = UIStatusBarStyleDefault;
				INFOPLIST_KEY_UISupportedInterfaceOrientations_iPad = "UIInterfaceOrientationPortrait UIInterfaceOrientationPortraitUpsideDown UIInterfaceOrientationLandscapeLeft UIInterfaceOrientationLandscapeRight";
				INFOPLIST_KEY_UISupportedInterfaceOrientations_iPhone = "UIInterfaceOrientationPortrait UIInterfaceOrientationLandscapeLeft UIInterfaceOrientationLandscapeRight";
				IPHONEOS_DEPLOYMENT_TARGET = 17.2;
				LD_RUNPATH_SEARCH_PATHS = "@executable_path/Frameworks";
				"LD_RUNPATH_SEARCH_PATHS[sdk=macosx*]" = "@executable_path/../Frameworks";
				MACOSX_DEPLOYMENT_TARGET = 13.7;
				MARKETING_VERSION = 1.0;
				PRODUCT_BUNDLE_IDENTIFIER = "seth.cpp-practice";
				PRODUCT_NAME = "$(TARGET_NAME)";
				SDKROOT = auto;
				SUPPORTED_PLATFORMS = "iphoneos iphonesimulator macosx";
				SWIFT_EMIT_LOC_STRINGS = YES;
				SWIFT_VERSION = 5.0;
				TARGETED_DEVICE_FAMILY = "1,2";
			};
			name = Release;
		};
		EEDE13942D11E1010018D689 /* Debug */ = {
			isa = XCBuildConfiguration;
			buildSettings = {
				ALWAYS_EMBED_SWIFT_STANDARD_LIBRARIES = YES;
				BUNDLE_LOADER = "$(TEST_HOST)";
				CODE_SIGN_STYLE = Automatic;
				CURRENT_PROJECT_VERSION = 1;
				GENERATE_INFOPLIST_FILE = YES;
				IPHONEOS_DEPLOYMENT_TARGET = 17.2;
				MACOSX_DEPLOYMENT_TARGET = 13.7;
				MARKETING_VERSION = 1.0;
				PRODUCT_BUNDLE_IDENTIFIER = "seth.cpp-practiceTests";
				PRODUCT_NAME = "$(TARGET_NAME)";
				SDKROOT = auto;
				SUPPORTED_PLATFORMS = "iphoneos iphonesimulator macosx";
				SWIFT_EMIT_LOC_STRINGS = NO;
				SWIFT_VERSION = 5.0;
				TARGETED_DEVICE_FAMILY = "1,2";
				TEST_HOST = "$(BUILT_PRODUCTS_DIR)/cpp_practice.app/$(BUNDLE_EXECUTABLE_FOLDER_PATH)/cpp_practice";
			};
			name = Debug;
		};
		EEDE13952D11E1010018D689 /* Release */ = {
			isa = XCBuildConfiguration;
			buildSettings = {
				ALWAYS_EMBED_SWIFT_STANDARD_LIBRARIES = YES;
				BUNDLE_LOADER = "$(TEST_HOST)";
				CODE_SIGN_STYLE = Automatic;
				CURRENT_PROJECT_VERSION = 1;
				GENERATE_INFOPLIST_FILE = YES;
				IPHONEOS_DEPLOYMENT_TARGET = 17.2;
				MACOSX_DEPLOYMENT_TARGET = 13.7;
				MARKETING_VERSION = 1.0;
				PRODUCT_BUNDLE_IDENTIFIER = "seth.cpp-practiceTests";
				PRODUCT_NAME = "$(TARGET_NAME)";
				SDKROOT = auto;
				SUPPORTED_PLATFORMS = "iphoneos iphonesimulator macosx";
				SWIFT_EMIT_LOC_STRINGS = NO;
				SWIFT_VERSION = 5.0;
				TARGETED_DEVICE_FAMILY = "1,2";
				TEST_HOST = "$(BUILT_PRODUCTS_DIR)/cpp_practice.app/$(BUNDLE_EXECUTABLE_FOLDER_PATH)/cpp_practice";
			};
			name = Release;
		};
		EEDE13972D11E1010018D689 /* Debug */ = {
			isa = XCBuildConfiguration;
			buildSettings = {
				ALWAYS_EMBED_SWIFT_STANDARD_LIBRARIES = YES;
				CODE_SIGN_STYLE = Automatic;
				CURRENT_PROJECT_VERSION = 1;
				GENERATE_INFOPLIST_FILE = YES;
				IPHONEOS_DEPLOYMENT_TARGET = 17.2;
				MACOSX_DEPLOYMENT_TARGET = 13.7;
				MARKETING_VERSION = 1.0;
				PRODUCT_BUNDLE_IDENTIFIER = "seth.cpp-practiceUITests";
				PRODUCT_NAME = "$(TARGET_NAME)";
				SDKROOT = auto;
				SUPPORTED_PLATFORMS = "iphoneos iphonesimulator macosx";
				SWIFT_EMIT_LOC_STRINGS = NO;
				SWIFT_VERSION = 5.0;
				TARGETED_DEVICE_FAMILY = "1,2";
				TEST_TARGET_NAME = cpp_practice;
			};
			name = Debug;
		};
		EEDE13982D11E1010018D689 /* Release */ = {
			isa = XCBuildConfiguration;
			buildSettings = {
				ALWAYS_EMBED_SWIFT_STANDARD_LIBRARIES = YES;
				CODE_SIGN_STYLE = Automatic;
				CURRENT_PROJECT_VERSION = 1;
				GENERATE_INFOPLIST_FILE = YES;
				IPHONEOS_DEPLOYMENT_TARGET = 17.2;
				MACOSX_DEPLOYMENT_TARGET = 13.7;
				MARKETING_VERSION = 1.0;
				PRODUCT_BUNDLE_IDENTIFIER = "seth.cpp-practiceUITests";
				PRODUCT_NAME = "$(TARGET_NAME)";
				SDKROOT = auto;
				SUPPORTED_PLATFORMS = "iphoneos iphonesimulator macosx";
				SWIFT_EMIT_LOC_STRINGS = NO;
				SWIFT_VERSION = 5.0;
				TARGETED_DEVICE_FAMILY = "1,2";
				TEST_TARGET_NAME = cpp_practice;
			};
			name = Release;
		};
/* End XCBuildConfiguration section */

/* Begin XCConfigurationList section */
		EEDE13662D11E0FC0018D689 /* Build configuration list for PBXProject "cpp_practice" */ = {
			isa = XCConfigurationList;
			buildConfigurations = (
				EEDE138E2D11E1010018D689 /* Debug */,
				EEDE138F2D11E1010018D689 /* Release */,
			);
			defaultConfigurationIsVisible = 0;
			defaultConfigurationName = Release;
		};
		EEDE13902D11E1010018D689 /* Build configuration list for PBXNativeTarget "cpp_practice" */ = {
			isa = XCConfigurationList;
			buildConfigurations = (
				EEDE13912D11E1010018D689 /* Debug */,
				EEDE13922D11E1010018D689 /* Release */,
			);
			defaultConfigurationIsVisible = 0;
			defaultConfigurationName = Release;
		};
		EEDE13932D11E1010018D689 /* Build configuration list for PBXNativeTarget "cpp_practiceTests" */ = {
			isa = XCConfigurationList;
			buildConfigurations = (
				EEDE13942D11E1010018D689 /* Debug */,
				EEDE13952D11E1010018D689 /* Release */,
			);
			defaultConfigurationIsVisible = 0;
			defaultConfigurationName = Release;
		};
		EEDE13962D11E1010018D689 /* Build configuration list for PBXNativeTarget "cpp_practiceUITests" */ = {
			isa = XCConfigurationList;
			buildConfigurations = (
				EEDE13972D11E1010018D689 /* Debug */,
				EEDE13982D11E1010018D689 /* Release */,
			);
			defaultConfigurationIsVisible = 0;
			defaultConfigurationName = Release;
		};
/* End XCConfigurationList section */
	};
	rootObject = EEDE13632D11E0FC0018D689 /* Project object */;
}
